
Microsoft Visual Studio Solution File, Format Version 12.00
# Visual Studio Version 16
VisualStudioVersion = 16.0.32901.84
MinimumVisualStudioVersion = 10.0.40219.1
Project("{D2ABAB84-BF74-430A-B69E-9DC6D40DDA17}") = "CubeProjet", "CubeProjet\CubeProjet.dwproj", "{56EE0C16-CCE4-4684-9A3C-84011722C239}"
EndProject
Global
	GlobalSection(SolutionConfigurationPlatforms) = preSolution
		Development|Default = Development|Default
	EndGlobalSection
	GlobalSection(ProjectConfigurationPlatforms) = postSolution
		{56EE0C16-CCE4-4684-9A3C-84011722C239}.Development|Default.ActiveCfg = Development
		{56EE0C16-CCE4-4684-9A3C-84011722C239}.Development|Default.Build.0 = Development
		{56EE0C16-CCE4-4684-9A3C-84011722C239}.Development|Default.Deploy.0 = Development
	EndGlobalSection
	GlobalSection(SolutionProperties) = preSolution
		HideSolutionNode = FALSE
	EndGlobalSection
	GlobalSection(ExtensibilityGlobals) = postSolution
		SolutionGuid = {CB8484ED-7774-4A57-9A99-C8431EC2D868}
	EndGlobalSection
EndGlobal
